
Microsoft Visual Studio Solution File, Format Version 12.00
# Visual Studio Version 16
VisualStudioVersion = 16.0.29009.5
MinimumVisualStudioVersion = 10.0.40219.1
Project("{2150E333-8FDC-42A3-9474-1A3956D46DE8}") = "Library", "Library", "{F75A39FE-7537-4CFC-AA17-5BB7C2737D93}"
EndProject
Project("{2150E333-8FDC-42A3-9474-1A3956D46DE8}") = "UI", "UI", "{0F37DD68-CCDE-4181-B181-1916FB014053}"
EndProject
Project("{FAE04EC0-301F-11D3-BF4B-00C04F79EFBC}") = "Resolver", "Resolver\Resolver.csproj", "{20CF0616-011B-4A2E-9817-58F058D81CF0}"
EndProject
Project("{FAE04EC0-301F-11D3-BF4B-00C04F79EFBC}") = "BookingWeb", "BookingWeb\BookingWeb.csproj", "{8395E39A-C13C-4998-AA1D-5FE7A1AA240C}"
EndProject
Project("{FAE04EC0-301F-11D3-BF4B-00C04F79EFBC}") = "DataModel", "DataModel\DataModel.csproj", "{12EA02AB-4EB6-4375-9E5D-D3C6589FDD20}"
EndProject
Project("{FAE04EC0-301F-11D3-BF4B-00C04F79EFBC}") = "BL", "BL\BL.csproj", "{9CC1E2A1-E5CA-407B-A71D-C344B9905197}"
EndProject
Project("{FAE04EC0-301F-11D3-BF4B-00C04F79EFBC}") = "BackOffice", "BackOffice\BackOffice.csproj", "{2ABCFFB3-7A21-45B9-B3AC-AC79FB5FD54E}"
EndProject
Project("{2150E333-8FDC-42A3-9474-1A3956D46DE8}") = "API", "API", "{FFAF8654-2C75-4DE9-AFBC-E1899E76169B}"
EndProject
Project("{FAE04EC0-301F-11D3-BF4B-00C04F79EFBC}") = "BookingAPI", "BookingAPI\BookingAPI.csproj", "{4D7F8BD0-F54E-42A4-B1D5-2DD15E39EF85}"
EndProject
Global
	GlobalSection(SolutionConfigurationPlatforms) = preSolution
		Debug|Any CPU = Debug|Any CPU
		Release|Any CPU = Release|Any CPU
	EndGlobalSection
	GlobalSection(ProjectConfigurationPlatforms) = postSolution
		{20CF0616-011B-4A2E-9817-58F058D81CF0}.Debug|Any CPU.ActiveCfg = Debug|Any CPU
		{20CF0616-011B-4A2E-9817-58F058D81CF0}.Debug|Any CPU.Build.0 = Debug|Any CPU
		{20CF0616-011B-4A2E-9817-58F058D81CF0}.Release|Any CPU.ActiveCfg = Release|Any CPU
		{20CF0616-011B-4A2E-9817-58F058D81CF0}.Release|Any CPU.Build.0 = Release|Any CPU
		{8395E39A-C13C-4998-AA1D-5FE7A1AA240C}.Debug|Any CPU.ActiveCfg = Debug|Any CPU
		{8395E39A-C13C-4998-AA1D-5FE7A1AA240C}.Debug|Any CPU.Build.0 = Debug|Any CPU
		{8395E39A-C13C-4998-AA1D-5FE7A1AA240C}.Release|Any CPU.ActiveCfg = Release|Any CPU
		{8395E39A-C13C-4998-AA1D-5FE7A1AA240C}.Release|Any CPU.Build.0 = Release|Any CPU
		{12EA02AB-4EB6-4375-9E5D-D3C6589FDD20}.Debug|Any CPU.ActiveCfg = Debug|Any CPU
		{12EA02AB-4EB6-4375-9E5D-D3C6589FDD20}.Debug|Any CPU.Build.0 = Debug|Any CPU
		{12EA02AB-4EB6-4375-9E5D-D3C6589FDD20}.Release|Any CPU.ActiveCfg = Release|Any CPU
		{12EA02AB-4EB6-4375-9E5D-D3C6589FDD20}.Release|Any CPU.Build.0 = Release|Any CPU
		{9CC1E2A1-E5CA-407B-A71D-C344B9905197}.Debug|Any CPU.ActiveCfg = Debug|Any CPU
		{9CC1E2A1-E5CA-407B-A71D-C344B9905197}.Debug|Any CPU.Build.0 = Debug|Any CPU
		{9CC1E2A1-E5CA-407B-A71D-C344B9905197}.Release|Any CPU.ActiveCfg = Release|Any CPU
		{9CC1E2A1-E5CA-407B-A71D-C344B9905197}.Release|Any CPU.Build.0 = Release|Any CPU
		{2ABCFFB3-7A21-45B9-B3AC-AC79FB5FD54E}.Debug|Any CPU.ActiveCfg = Debug|Any CPU
		{2ABCFFB3-7A21-45B9-B3AC-AC79FB5FD54E}.Debug|Any CPU.Build.0 = Debug|Any CPU
		{2ABCFFB3-7A21-45B9-B3AC-AC79FB5FD54E}.Release|Any CPU.ActiveCfg = Release|Any CPU
		{2ABCFFB3-7A21-45B9-B3AC-AC79FB5FD54E}.Release|Any CPU.Build.0 = Release|Any CPU
		{4D7F8BD0-F54E-42A4-B1D5-2DD15E39EF85}.Debug|Any CPU.ActiveCfg = Debug|Any CPU
		{4D7F8BD0-F54E-42A4-B1D5-2DD15E39EF85}.Debug|Any CPU.Build.0 = Debug|Any CPU
		{4D7F8BD0-F54E-42A4-B1D5-2DD15E39EF85}.Release|Any CPU.ActiveCfg = Release|Any CPU
		{4D7F8BD0-F54E-42A4-B1D5-2DD15E39EF85}.Release|Any CPU.Build.0 = Release|Any CPU
	EndGlobalSection
	GlobalSection(SolutionProperties) = preSolution
		HideSolutionNode = FALSE
	EndGlobalSection
	GlobalSection(NestedProjects) = preSolution
		{20CF0616-011B-4A2E-9817-58F058D81CF0} = {F75A39FE-7537-4CFC-AA17-5BB7C2737D93}
		{8395E39A-C13C-4998-AA1D-5FE7A1AA240C} = {0F37DD68-CCDE-4181-B181-1916FB014053}
		{12EA02AB-4EB6-4375-9E5D-D3C6589FDD20} = {F75A39FE-7537-4CFC-AA17-5BB7C2737D93}
		{9CC1E2A1-E5CA-407B-A71D-C344B9905197} = {F75A39FE-7537-4CFC-AA17-5BB7C2737D93}
		{2ABCFFB3-7A21-45B9-B3AC-AC79FB5FD54E} = {0F37DD68-CCDE-4181-B181-1916FB014053}
		{4D7F8BD0-F54E-42A4-B1D5-2DD15E39EF85} = {FFAF8654-2C75-4DE9-AFBC-E1899E76169B}
	EndGlobalSection
	GlobalSection(ExtensibilityGlobals) = postSolution
		SolutionGuid = {96010954-32F3-44E1-B337-B4FD2F1C86C5}
	EndGlobalSection
EndGlobal
